// !$*UTF8*$!
{
	archiveVersion = 1;
	classes = {
	};
	objectVersion = 51;
	objects = {

/* Begin PBXBuildFile section */
		22288A026DE2401C07166240 /* Pods_podTest.framework in Frameworks */ = {isa = PBXBuildFile; fileRef = 883353860D7CB08AD302C432 /* Pods_podTest.framework */; };
		7EBEF6D724189D50008124FB /* AppDelegate.m in Sources */ = {isa = PBXBuildFile; fileRef = 7EBEF6D624189D50008124FB /* AppDelegate.m */; };
		7EBEF6DA24189D50008124FB /* SceneDelegate.m in Sources */ = {isa = PBXBuildFile; fileRef = 7EBEF6D924189D50008124FB /* SceneDelegate.m */; };
		7EBEF6DD24189D50008124FB /* ViewController.m in Sources */ = {isa = PBXBuildFile; fileRef = 7EBEF6DC24189D50008124FB /* ViewController.m */; };
		7EBEF6E024189D50008124FB /* Main.storyboard in Resources */ = {isa = PBXBuildFile; fileRef = 7EBEF6DE24189D50008124FB /* Main.storyboard */; };
		7EBEF6E224189D52008124FB /* Assets.xcassets in Resources */ = {isa = PBXBuildFile; fileRef = 7EBEF6E124189D52008124FB /* Assets.xcassets */; };
		7EBEF6E524189D52008124FB /* LaunchScreen.storyboard in Resources */ = {isa = PBXBuildFile; fileRef = 7EBEF6E324189D52008124FB /* LaunchScreen.storyboard */; };
		7EBEF6E824189D52008124FB /* main.m in Sources */ = {isa = PBXBuildFile; fileRef = 7EBEF6E724189D52008124FB /* main.m */; };
/* End PBXBuildFile section */

/* Begin PBXFileReference section */
		3688A109BBB5B06CFCD0ACF6 /* Pods-podTest.debug.xcconfig */ = {isa = PBXFileReference; includeInIndex = 1; lastKnownFileType = text.xcconfig; name = "Pods-podTest.debug.xcconfig"; path = "Target Support Files/Pods-podTest/Pods-podTest.debug.xcconfig"; sourceTree = "<group>"; };
		7EBEF6D224189D50008124FB /* podTest.app */ = {isa = PBXFileReference; explicitFileType = wrapper.application; includeInIndex = 0; path = podTest.app; sourceTree = BUILT_PRODUCTS_DIR; };
		7EBEF6D524189D50008124FB /* AppDelegate.h */ = {isa = PBXFileReference; lastKnownFileType = sourcecode.c.h; path = AppDelegate.h; sourceTree = "<group>"; };
		7EBEF6D624189D50008124FB /* AppDelegate.m */ = {isa = PBXFileReference; lastKnownFileType = sourcecode.c.objc; path = AppDelegate.m; sourceTree = "<group>"; };
		7EBEF6D824189D50008124FB /* SceneDelegate.h */ = {isa = PBXFileReference; lastKnownFileType = sourcecode.c.h; path = SceneDelegate.h; sourceTree = "<group>"; };
		7EBEF6D924189D50008124FB /* SceneDelegate.m */ = {isa = PBXFileReference; lastKnownFileType = sourcecode.c.objc; path = SceneDelegate.m; sourceTree = "<group>"; };
		7EBEF6DB24189D50008124FB /* ViewController.h */ = {isa = PBXFileReference; lastKnownFileType = sourcecode.c.h; path = ViewController.h; sourceTree = "<group>"; };
		7EBEF6DC24189D50008124FB /* ViewController.m */ = {isa = PBXFileReference; lastKnownFileType = sourcecode.c.objc; path = ViewController.m; sourceTree = "<group>"; };
		7EBEF6DF24189D50008124FB /* Base */ = {isa = PBXFileReference; lastKnownFileType = file.storyboard; name = Base; path = Base.lproj/Main.storyboard; sourceTree = "<group>"; };
		7EBEF6E124189D52008124FB /* Assets.xcassets */ = {isa = PBXFileReference; lastKnownFileType = folder.assetcatalog; path = Assets.xcassets; sourceTree = "<group>"; };
		7EBEF6E424189D52008124FB /* Base */ = {isa = PBXFileReference; lastKnownFileType = file.storyboard; name = Base; path = Base.lproj/LaunchScreen.storyboard; sourceTree = "<group>"; };
		7EBEF6E624189D52008124FB /* Info.plist */ = {isa = PBXFileReference; lastKnownFileType = text.plist.xml; path = Info.plist; sourceTree = "<group>"; };
		7EBEF6E724189D52008124FB /* main.m */ = {isa = PBXFileReference; lastKnownFileType = sourcecode.c.objc; path = main.m; sourceTree = "<group>"; };
		883353860D7CB08AD302C432 /* Pods_podTest.framework */ = {isa = PBXFileReference; explicitFileType = wrapper.framework; includeInIndex = 0; path = Pods_podTest.framework; sourceTree = BUILT_PRODUCTS_DIR; };
		E899AA2CAE7DE6D3D4F0F356 /* Pods-podTest.release.xcconfig */ = {isa = PBXFileReference; includeInIndex = 1; lastKnownFileType = text.xcconfig; name = "Pods-podTest.release.xcconfig"; path = "Target Support Files/Pods-podTest/Pods-podTest.release.xcconfig"; sourceTree = "<group>"; };
/* End PBXFileReference section */

/* Begin PBXFrameworksBuildPhase section */
		7EBEF6CF24189D50008124FB /* Frameworks */ = {
			isa = PBXFrameworksBuildPhase;
			buildActionMask = 2147483647;
			files = (
				22288A026DE2401C07166240 /* Pods_podTest.framework in Frameworks */,
			);
			runOnlyForDeploymentPostprocessing = 0;
		};
/* End PBXFrameworksBuildPhase section */

/* Begin PBXGroup section */
		1DC3160E38717E4AE1B55A4D /* Frameworks */ = {
			isa = PBXGroup;
			children = (
				883353860D7CB08AD302C432 /* Pods_podTest.framework */,
			);
			name = Frameworks;
			sourceTree = "<group>";
		};
		25708EFD24A187DBBC1E07ED /* Pods */ = {
			isa = PBXGroup;
			children = (
				3688A109BBB5B06CFCD0ACF6 /* Pods-podTest.debug.xcconfig */,
				E899AA2CAE7DE6D3D4F0F356 /* Pods-podTest.release.xcconfig */,
			);
			path = Pods;
			sourceTree = "<group>";
		};
		7EBEF6C924189D50008124FB = {
			isa = PBXGroup;
			children = (
				7EBEF6D424189D50008124FB /* podTest */,
				7EBEF6D324189D50008124FB /* Products */,
				25708EFD24A187DBBC1E07ED /* Pods */,
				1DC3160E38717E4AE1B55A4D /* Frameworks */,
			);
			sourceTree = "<group>";
		};
		7EBEF6D324189D50008124FB /* Products */ = {
			isa = PBXGroup;
			children = (
				7EBEF6D224189D50008124FB /* podTest.app */,
			);
			name = Products;
			sourceTree = "<group>";
		};
		7EBEF6D424189D50008124FB /* podTest */ = {
			isa = PBXGroup;
			children = (
				7EBEF6D524189D50008124FB /* AppDelegate.h */,
				7EBEF6D624189D50008124FB /* AppDelegate.m */,
				7EBEF6D824189D50008124FB /* SceneDelegate.h */,
				7EBEF6D924189D50008124FB /* SceneDelegate.m */,
				7EBEF6DB24189D50008124FB /* ViewController.h */,
				7EBEF6DC24189D50008124FB /* ViewController.m */,
				7EBEF6DE24189D50008124FB /* Main.storyboard */,
				7EBEF6E124189D52008124FB /* Assets.xcassets */,
				7EBEF6E324189D52008124FB /* LaunchScreen.storyboard */,
				7EBEF6E624189D52008124FB /* Info.plist */,
				7EBEF6E724189D52008124FB /* main.m */,
			);
			path = podTest;
			sourceTree = "<group>";
		};
/* End PBXGroup section */

/* Begin PBXNativeTarget section */
		7EBEF6D124189D50008124FB /* podTest */ = {
			isa = PBXNativeTarget;
			buildConfigurationList = 7EBEF6EB24189D52008124FB /* Build configuration list for PBXNativeTarget "podTest" */;
			buildPhases = (
				ACE5044AAAE5296CC7BD7594 /* [CP] Check Pods Manifest.lock */,
				7EBEF6CE24189D50008124FB /* Sources */,
				7EBEF6CF24189D50008124FB /* Frameworks */,
				7EBEF6D024189D50008124FB /* Resources */,
				0C9D8FABD4D203704EDC6577 /* [CP] Embed Pods Frameworks */,
			);
			buildRules = (
			);
			dependencies = (
			);
			name = podTest;
			productName = podTest;
			productReference = 7EBEF6D224189D50008124FB /* podTest.app */;
			productType = "com.apple.product-type.application";
		};
/* End PBXNativeTarget section */

/* Begin PBXProject section */
		7EBEF6CA24189D50008124FB /* Project object */ = {
			isa = PBXProject;
			attributes = {
				LastUpgradeCheck = 1130;
				ORGANIZATIONNAME = "신승환";
				TargetAttributes = {
					7EBEF6D124189D50008124FB = {
						CreatedOnToolsVersion = 11.3.1;
					};
				};
			};
			buildConfigurationList = 7EBEF6CD24189D50008124FB /* Build configuration list for PBXProject "podTest" */;
			compatibilityVersion = "Xcode 9.3";
			developmentRegion = en;
			hasScannedForEncodings = 0;
			knownRegions = (
				en,
				Base,
			);
			mainGroup = 7EBEF6C924189D50008124FB;
			productRefGroup = 7EBEF6D324189D50008124FB /* Products */;
			projectDirPath = "";
			projectRoot = "";
			targets = (
				7EBEF6D124189D50008124FB /* podTest */,
			);
		};
/* End PBXProject section */

/* Begin PBXResourcesBuildPhase section */
		7EBEF6D024189D50008124FB /* Resources */ = {
			isa = PBXResourcesBuildPhase;
			buildActionMask = 2147483647;
			files = (
				7EBEF6E524189D52008124FB /* LaunchScreen.storyboard in Resources */,
				7EBEF6E224189D52008124FB /* Assets.xcassets in Resources */,
				7EBEF6E024189D50008124FB /* Main.storyboard in Resources */,
			);
			runOnlyForDeploymentPostprocessing = 0;
		};
/* End PBXResourcesBuildPhase section */

/* Begin PBXShellScriptBuildPhase section */
		0C9D8FABD4D203704EDC6577 /* [CP] Embed Pods Frameworks */ = {
			isa = PBXShellScriptBuildPhase;
			buildActionMask = 2147483647;
			files = (
			);
			inputFileListPaths = (
				"${PODS_ROOT}/Target Support Files/Pods-podTest/Pods-podTest-frameworks-${CONFIGURATION}-input-files.xcfilelist",
			);
			name = "[CP] Embed Pods Frameworks";
			outputFileListPaths = (
				"${PODS_ROOT}/Target Support Files/Pods-podTest/Pods-podTest-frameworks-${CONFIGURATION}-output-files.xcfilelist",
			);
			runOnlyForDeploymentPostprocessing = 0;
			shellPath = /bin/sh;
			shellScript = "\"${PODS_ROOT}/Target Support Files/Pods-podTest/Pods-podTest-frameworks.sh\"\n";
			showEnvVarsInLog = 0;
		};
		ACE5044AAAE5296CC7BD7594 /* [CP] Check Pods Manifest.lock */ = {
			isa = PBXShellScriptBuildPhase;
			buildActionMask = 2147483647;
			files = (
			);
			inputFileListPaths = (
			);
			inputPaths = (
				"${PODS_PODFILE_DIR_PATH}/Podfile.lock",
				"${PODS_ROOT}/Manifest.lock",
			);
			name = "[CP] Check Pods Manifest.lock";
			outputFileListPaths = (
			);
			outputPaths = (
				"$(DERIVED_FILE_DIR)/Pods-podTest-checkManifestLockResult.txt",
			);
			runOnlyForDeploymentPostprocessing = 0;
			shellPath = /bin/sh;
			shellScript = "diff \"${PODS_PODFILE_DIR_PATH}/Podfile.lock\" \"${PODS_ROOT}/Manifest.lock\" > /dev/null\nif [ $? != 0 ] ; then\n    # print error to STDERR\n    echo \"error: The sandbox is not in sync with the Podfile.lock. Run 'pod install' or update your CocoaPods installation.\" >&2\n    exit 1\nfi\n# This output is used by Xcode 'outputs' to avoid re-running this script phase.\necho \"SUCCESS\" > \"${SCRIPT_OUTPUT_FILE_0}\"\n";
			showEnvVarsInLog = 0;
		};
/* End PBXShellScriptBuildPhase section */

/* Begin PBXSourcesBuildPhase section */
		7EBEF6CE24189D50008124FB /* Sources */ = {
			isa = PBXSourcesBuildPhase;
			buildActionMask = 2147483647;
			files = (
				7EBEF6DD24189D50008124FB /* ViewController.m in Sources */,
				7EBEF6D724189D50008124FB /* AppDelegate.m in Sources */,
				7EBEF6E824189D52008124FB /* main.m in Sources */,
				7EBEF6DA24189D50008124FB /* SceneDelegate.m in Sources */,
			);
			runOnlyForDeploymentPostprocessing = 0;
		};
/* End PBXSourcesBuildPhase section */

/* Begin PBXVariantGroup section */
		7EBEF6DE24189D50008124FB /* Main.storyboard */ = {
			isa = PBXVariantGroup;
			children = (
				7EBEF6DF24189D50008124FB /* Base */,
			);
			name = Main.storyboard;
			sourceTree = "<group>";
		};
		7EBEF6E324189D52008124FB /* LaunchScreen.storyboard */ = {
			isa = PBXVariantGroup;
			children = (
				7EBEF6E424189D52008124FB /* Base */,
			);
			name = LaunchScreen.storyboard;
			sourceTree = "<group>";
		};
/* End PBXVariantGroup section */

/* Begin XCBuildConfiguration section */
		7EBEF6E924189D52008124FB /* Debug */ = {
			isa = XCBuildConfiguration;
			buildSettings = {
				ALWAYS_SEARCH_USER_PATHS = NO;
				CLANG_ANALYZER_NONNULL = YES;
				CLANG_ANALYZER_NUMBER_OBJECT_CONVERSION = YES_AGGRESSIVE;
				CLANG_CXX_LANGUAGE_STANDARD = "gnu++14";
				CLANG_CXX_LIBRARY = "libc++";
				CLANG_ENABLE_MODULES = YES;
				CLANG_ENABLE_OBJC_ARC = YES;
				CLANG_ENABLE_OBJC_WEAK = YES;
				CLANG_WARN_BLOCK_CAPTURE_AUTORELEASING = YES;
				CLANG_WARN_BOOL_CONVERSION = YES;
				CLANG_WARN_COMMA = YES;
				CLANG_WARN_CONSTANT_CONVERSION = YES;
				CLANG_WARN_DEPRECATED_OBJC_IMPLEMENTATIONS = YES;
				CLANG_WARN_DIRECT_OBJC_ISA_USAGE = YES_ERROR;
				CLANG_WARN_DOCUMENTATION_COMMENTS = YES;
				CLANG_WARN_EMPTY_BODY = YES;
				CLANG_WARN_ENUM_CONVERSION = YES;
				CLANG_WARN_INFINITE_RECURSION = YES;
				CLANG_WARN_INT_CONVERSION = YES;
				CLANG_WARN_NON_LITERAL_NULL_CONVERSION = YES;
				CLANG_WARN_OBJC_IMPLICIT_RETAIN_SELF = YES;
				CLANG_WARN_OBJC_LITERAL_CONVERSION = YES;
				CLANG_WARN_OBJC_ROOT_CLASS = YES_ERROR;
				CLANG_WARN_RANGE_LOOP_ANALYSIS = YES;
				CLANG_WARN_STRICT_PROTOTYPES = YES;
				CLANG_WARN_SUSPICIOUS_MOVE = YES;
				CLANG_WARN_UNGUARDED_AVAILABILITY = YES_AGGRESSIVE;
				CLANG_WARN_UNREACHABLE_CODE = YES;
				CLANG_WARN__DUPLICATE_METHOD_MATCH = YES;
				COPY_PHASE_STRIP = NO;
				DEBUG_INFORMATION_FORMAT = dwarf;
				ENABLE_STRICT_OBJC_MSGSEND = YES;
				ENABLE_TESTABILITY = YES;
				GCC_C_LANGUAGE_STANDARD = gnu11;
				GCC_DYNAMIC_NO_PIC = NO;
				GCC_NO_COMMON_BLOCKS = YES;
				GCC_OPTIMIZATION_LEVEL = 0;
				GCC_PREPROCESSOR_DEFINITIONS = (
					"DEBUG=1",
					"$(inherited)",
				);
				GCC_WARN_64_TO_32_BIT_CONVERSION = YES;
				GCC_WARN_ABOUT_RETURN_TYPE = YES_ERROR;
				GCC_WARN_UNDECLARED_SELECTOR = YES;
				GCC_WARN_UNINITIALIZED_AUTOS = YES_AGGRESSIVE;
				GCC_WARN_UNUSED_FUNCTION = YES;
				GCC_WARN_UNUSED_VARIABLE = YES;
				IPHONEOS_DEPLOYMENT_TARGET = 13.2;
				MTL_ENABLE_DEBUG_INFO = INCLUDE_SOURCE;
				MTL_FAST_MATH = YES;
				ONLY_ACTIVE_ARCH = YES;
				SDKROOT = iphoneos;
			};
			name = Debug;
		};
		7EBEF6EA24189D52008124FB /* Release */ = {
			isa = XCBuildConfiguration;
			buildSettings = {
				ALWAYS_SEARCH_USER_PATHS = NO;
				CLANG_ANALYZER_NONNULL = YES;
				CLANG_ANALYZER_NUMBER_OBJECT_CONVERSION = YES_AGGRESSIVE;
				CLANG_CXX_LANGUAGE_STANDARD = "gnu++14";
				CLANG_CXX_LIBRARY = "libc++";
				CLANG_ENABLE_MODULES = YES;
				CLANG_ENABLE_OBJC_ARC = YES;
				CLANG_ENABLE_OBJC_WEAK = YES;
				CLANG_WARN_BLOCK_CAPTURE_AUTORELEASING = YES;
				CLANG_WARN_BOOL_CONVERSION = YES;
				CLANG_WARN_COMMA = YES;
				CLANG_WARN_CONSTANT_CONVERSION = YES;
				CLANG_WARN_DEPRECATED_OBJC_IMPLEMENTATIONS = YES;
				CLANG_WARN_DIRECT_OBJC_ISA_USAGE = YES_ERROR;
				CLANG_WARN_DOCUMENTATION_COMMENTS = YES;
				CLANG_WARN_EMPTY_BODY = YES;
				CLANG_WARN_ENUM_CONVERSION = YES;
				CLANG_WARN_INFINITE_RECURSION = YES;
				CLANG_WARN_INT_CONVERSION = YES;
				CLANG_WARN_NON_LITERAL_NULL_CONVERSION = YES;
				CLANG_WARN_OBJC_IMPLICIT_RETAIN_SELF = YES;
				CLANG_WARN_OBJC_LITERAL_CONVERSION = YES;
				CLANG_WARN_OBJC_ROOT_CLASS = YES_ERROR;
				CLANG_WARN_RANGE_LOOP_ANALYSIS = YES;
				CLANG_WARN_STRICT_PROTOTYPES = YES;
				CLANG_WARN_SUSPICIOUS_MOVE = YES;
				CLANG_WARN_UNGUARDED_AVAILABILITY = YES_AGGRESSIVE;
				CLANG_WARN_UNREACHABLE_CODE = YES;
				CLANG_WARN__DUPLICATE_METHOD_MATCH = YES;
				COPY_PHASE_STRIP = NO;
				DEBUG_INFORMATION_FORMAT = "dwarf-with-dsym";
				ENABLE_NS_ASSERTIONS = NO;
				ENABLE_STRICT_OBJC_MSGSEND = YES;
				GCC_C_LANGUAGE_STANDARD = gnu11;
				GCC_NO_COMMON_BLOCKS = YES;
				GCC_WARN_64_TO_32_BIT_CONVERSION = YES;
				GCC_WARN_ABOUT_RETURN_TYPE = YES_ERROR;
				GCC_WARN_UNDECLARED_SELECTOR = YES;
				GCC_WARN_UNINITIALIZED_AUTOS = YES_AGGRESSIVE;
				GCC_WARN_UNUSED_FUNCTION = YES;
				GCC_WARN_UNUSED_VARIABLE = YES;
				IPHONEOS_DEPLOYMENT_TARGET = 13.2;
				MTL_ENABLE_DEBUG_INFO = NO;
				MTL_FAST_MATH = YES;
				SDKROOT = iphoneos;
				VALIDATE_PRODUCT = YES;
			};
			name = Release;
		};
		7EBEF6EC24189D52008124FB /* Debug */ = {
			isa = XCBuildConfiguration;
			baseConfigurationReference = 3688A109BBB5B06CFCD0ACF6 /* Pods-podTest.debug.xcconfig */;
			buildSettings = {
				ASSETCATALOG_COMPILER_APPICON_NAME = AppIcon;
				CODE_SIGN_STYLE = Automatic;
				DEVELOPMENT_TEAM = TGDRXPGY2A;
				INFOPLIST_FILE = podTest/Info.plist;
				LD_RUNPATH_SEARCH_PATHS = (
					"$(inherited)",
					"@executable_path/Frameworks",
				);
				PRODUCT_BUNDLE_IDENTIFIER = com.ssh.podTest;
				PRODUCT_NAME = "$(TARGET_NAME)";
				TARGETED_DEVICE_FAMILY = "1,2";
			};
			name = Debug;
		};
		7EBEF6ED24189D52008124FB /* Release */ = {
			isa = XCBuildConfiguration;
			baseConfigurationReference = E899AA2CAE7DE6D3D4F0F356 /* Pods-podTest.release.xcconfig */;
			buildSettings = {
				ASSETCATALOG_COMPILER_APPICON_NAME = AppIcon;
				CODE_SIGN_STYLE = Automatic;
				DEVELOPMENT_TEAM = TGDRXPGY2A;
				INFOPLIST_FILE = podTest/Info.plist;
				LD_RUNPATH_SEARCH_PATHS = (
					"$(inherited)",
					"@executable_path/Frameworks",
				);
				PRODUCT_BUNDLE_IDENTIFIER = com.ssh.podTest;
				PRODUCT_NAME = "$(TARGET_NAME)";
				TARGETED_DEVICE_FAMILY = "1,2";
			};
			name = Release;
		};
/* End XCBuildConfiguration section */

/* Begin XCConfigurationList section */
		7EBEF6CD24189D50008124FB /* Build configuration list for PBXProject "podTest" */ = {
			isa = XCConfigurationList;
			buildConfigurations = (
				7EBEF6E924189D52008124FB /* Debug */,
				7EBEF6EA24189D52008124FB /* Release */,
			);
			defaultConfigurationIsVisible = 0;
			defaultConfigurationName = Release;
		};
		7EBEF6EB24189D52008124FB /* Build configuration list for PBXNativeTarget "podTest" */ = {
			isa = XCConfigurationList;
			buildConfigurations = (
				7EBEF6EC24189D52008124FB /* Debug */,
				7EBEF6ED24189D52008124FB /* Release */,
			);
			defaultConfigurationIsVisible = 0;
			defaultConfigurationName = Release;
		};
/* End XCConfigurationList section */
	};
	rootObject = 7EBEF6CA24189D50008124FB /* Project object */;
}
